
Microsoft Visual Studio Solution File, Format Version 12.00
# Visual Studio Version 16
VisualStudioVersion = 16.0.32630.194
MinimumVisualStudioVersion = 10.0.40219.1
Project("{FAE04EC0-301F-11D3-BF4B-00C04F79EFBC}") = "OperationOverloadInheritance", "OperationOverloadInheritance\OperationOverloadInheritance.csproj", "{A5C598EF-919F-461F-8B00-C31C22897C73}"
EndProject
Global
	GlobalSection(SolutionConfigurationPlatforms) = preSolution
		Debug|Any CPU = Debug|Any CPU
		Release|Any CPU = Release|Any CPU
	EndGlobalSection
	GlobalSection(ProjectConfigurationPlatforms) = postSolution
		{A5C598EF-919F-461F-8B00-C31C22897C73}.Debug|Any CPU.ActiveCfg = Debug|Any CPU
		{A5C598EF-919F-461F-8B00-C31C22897C73}.Debug|Any CPU.Build.0 = Debug|Any CPU
		{A5C598EF-919F-461F-8B00-C31C22897C73}.Release|Any CPU.ActiveCfg = Release|Any CPU
		{A5C598EF-919F-461F-8B00-C31C22897C73}.Release|Any CPU.Build.0 = Release|Any CPU
	EndGlobalSection
	GlobalSection(SolutionProperties) = preSolution
		HideSolutionNode = FALSE
	EndGlobalSection
	GlobalSection(ExtensibilityGlobals) = postSolution
		SolutionGuid = {042313CD-92FC-4BC2-AC05-D3D36A7EB5D0}
	EndGlobalSection
EndGlobal
